
Microsoft Visual Studio Solution File, Format Version 12.00
# Visual Studio Version 16
VisualStudioVersion = 16.0.29609.76
MinimumVisualStudioVersion = 10.0.40219.1
Project("{FAE04EC0-301F-11D3-BF4B-00C04F79EFBC}") = "FromScratchApp", "FromScratchApp\FromScratchApp.csproj", "{39D28CC2-E3AD-431F-AA86-B23D1CB46FF5}"
EndProject
Global
	GlobalSection(SolutionConfigurationPlatforms) = preSolution
		Debug|Any CPU = Debug|Any CPU
		Release|Any CPU = Release|Any CPU
	EndGlobalSection
	GlobalSection(ProjectConfigurationPlatforms) = postSolution
		{39D28CC2-E3AD-431F-AA86-B23D1CB46FF5}.Debug|Any CPU.ActiveCfg = Debug|Any CPU
		{39D28CC2-E3AD-431F-AA86-B23D1CB46FF5}.Debug|Any CPU.Build.0 = Debug|Any CPU
		{39D28CC2-E3AD-431F-AA86-B23D1CB46FF5}.Release|Any CPU.ActiveCfg = Release|Any CPU
		{39D28CC2-E3AD-431F-AA86-B23D1CB46FF5}.Release|Any CPU.Build.0 = Release|Any CPU
	EndGlobalSection
	GlobalSection(SolutionProperties) = preSolution
		HideSolutionNode = FALSE
	EndGlobalSection
	GlobalSection(ExtensibilityGlobals) = postSolution
		SolutionGuid = {BA7A3F48-D343-4940-8A56-ABDBA7A43E54}
	EndGlobalSection
EndGlobal
